
Microsoft Visual Studio Solution File, Format Version 12.00
# Visual Studio 15
VisualStudioVersion = 15.0.27130.2027
MinimumVisualStudioVersion = 10.0.40219.1
Project("{FAE04EC0-301F-11D3-BF4B-00C04F79EFBC}") = "code_generator", "code_generator\code_generator.csproj", "{D665C7D0-F845-4752-A4CB-FA43E2D4B371}"
EndProject
Global
	GlobalSection(SolutionConfigurationPlatforms) = preSolution
		Debug|Any CPU = Debug|Any CPU
		Release|Any CPU = Release|Any CPU
	EndGlobalSection
	GlobalSection(ProjectConfigurationPlatforms) = postSolution
		{D665C7D0-F845-4752-A4CB-FA43E2D4B371}.Debug|Any CPU.ActiveCfg = Debug|Any CPU
		{D665C7D0-F845-4752-A4CB-FA43E2D4B371}.Debug|Any CPU.Build.0 = Debug|Any CPU
		{D665C7D0-F845-4752-A4CB-FA43E2D4B371}.Release|Any CPU.ActiveCfg = Release|Any CPU
		{D665C7D0-F845-4752-A4CB-FA43E2D4B371}.Release|Any CPU.Build.0 = Release|Any CPU
	EndGlobalSection
	GlobalSection(SolutionProperties) = preSolution
		HideSolutionNode = FALSE
	EndGlobalSection
	GlobalSection(ExtensibilityGlobals) = postSolution
		SolutionGuid = {F4A5C3FF-5002-4DDA-A6CA-7FD1CBAADD54}
	EndGlobalSection
EndGlobal
